Microsoft Visual Studio Solution File, Format Version 12.00
# Visual Studio 2012
Project("{FAE04EC0-301F-11D3-BF4B-00C04F79EFBC}") = "angry_bird", "angry_bird.csproj", "{AFC2492A-F8F0-414D-AB83-598DB92E6336}"
EndProject
Global
	GlobalSection(SolutionConfigurationPlatforms) = preSolution
	Debug|Any CPU = Debug|Any CPU
	ExportDebug|Any CPU = ExportDebug|Any CPU
	ExportRelease|Any CPU = ExportRelease|Any CPU
	EndGlobalSection
	GlobalSection(ProjectConfigurationPlatforms) = postSolution
		{AFC2492A-F8F0-414D-AB83-598DB92E6336}.Debug|Any CPU.ActiveCfg = Debug|Any CPU
		{AFC2492A-F8F0-414D-AB83-598DB92E6336}.Debug|Any CPU.Build.0 = Debug|Any CPU
		{AFC2492A-F8F0-414D-AB83-598DB92E6336}.ExportDebug|Any CPU.ActiveCfg = ExportDebug|Any CPU
		{AFC2492A-F8F0-414D-AB83-598DB92E6336}.ExportDebug|Any CPU.Build.0 = ExportDebug|Any CPU
		{AFC2492A-F8F0-414D-AB83-598DB92E6336}.ExportRelease|Any CPU.ActiveCfg = ExportRelease|Any CPU
		{AFC2492A-F8F0-414D-AB83-598DB92E6336}.ExportRelease|Any CPU.Build.0 = ExportRelease|Any CPU
	EndGlobalSection
EndGlobal
